
Microsoft Visual Studio Solution File, Format Version 12.00
# Visual Studio Version 17
VisualStudioVersion = 17.13.35825.156 d17.13
MinimumVisualStudioVersion = 10.0.40219.1
Project("{FAE04EC0-301F-11D3-BF4B-00C04F79EFBC}") = "ConsoleApp1", "ConsoleApp1\ConsoleApp1.csproj", "{FF324FCB-A0D0-4B4F-A5EA-CA9A1F7DC5C3}"
EndProject
Global
	GlobalSection(SolutionConfigurationPlatforms) = preSolution
		Debug|Any CPU = Debug|Any CPU
		Release|Any CPU = Release|Any CPU
	EndGlobalSection
	GlobalSection(ProjectConfigurationPlatforms) = postSolution
		{FF324FCB-A0D0-4B4F-A5EA-CA9A1F7DC5C3}.Debug|Any CPU.ActiveCfg = Debug|Any CPU
		{FF324FCB-A0D0-4B4F-A5EA-CA9A1F7DC5C3}.Debug|Any CPU.Build.0 = Debug|Any CPU
		{FF324FCB-A0D0-4B4F-A5EA-CA9A1F7DC5C3}.Release|Any CPU.ActiveCfg = Release|Any CPU
		{FF324FCB-A0D0-4B4F-A5EA-CA9A1F7DC5C3}.Release|Any CPU.Build.0 = Release|Any CPU
	EndGlobalSection
	GlobalSection(SolutionProperties) = preSolution
		HideSolutionNode = FALSE
	EndGlobalSection
	GlobalSection(ExtensibilityGlobals) = postSolution
		SolutionGuid = {03E30110-3D78-4588-AEF6-57CF7F2209D7}
	EndGlobalSection
EndGlobal
